
Microsoft Visual Studio Solution File, Format Version 12.00
# Visual Studio Version 16
VisualStudioVersion = 16.0.30104.148
MinimumVisualStudioVersion = 10.0.40219.1
Project("{FAE04EC0-301F-11D3-BF4B-00C04F79EFBC}") = "StockServer", "StockServer\StockServer.csproj", "{B1574EEA-9D23-476C-9C48-9FDB9BF6478E}"
EndProject
Global
	GlobalSection(SolutionConfigurationPlatforms) = preSolution
		Debug|Any CPU = Debug|Any CPU
		Release|Any CPU = Release|Any CPU
	EndGlobalSection
	GlobalSection(ProjectConfigurationPlatforms) = postSolution
		{B1574EEA-9D23-476C-9C48-9FDB9BF6478E}.Debug|Any CPU.ActiveCfg = Debug|Any CPU
		{B1574EEA-9D23-476C-9C48-9FDB9BF6478E}.Debug|Any CPU.Build.0 = Debug|Any CPU
		{B1574EEA-9D23-476C-9C48-9FDB9BF6478E}.Release|Any CPU.ActiveCfg = Release|Any CPU
		{B1574EEA-9D23-476C-9C48-9FDB9BF6478E}.Release|Any CPU.Build.0 = Release|Any CPU
	EndGlobalSection
	GlobalSection(SolutionProperties) = preSolution
		HideSolutionNode = FALSE
	EndGlobalSection
	GlobalSection(ExtensibilityGlobals) = postSolution
		SolutionGuid = {EC3D30DF-3A8C-4E88-8188-3A0F26197182}
	EndGlobalSection
EndGlobal
